
Microsoft Visual Studio Solution File, Format Version 12.00
# Visual Studio Version 16
VisualStudioVersion = 16.0.32002.261
MinimumVisualStudioVersion = 10.0.40219.1
Project("{FAE04EC0-301F-11D3-BF4B-00C04F79EFBC}") = "One_Health", "One_Health\One_Health.csproj", "{A38BF257-5183-4694-A357-33E93F5BFBC6}"
EndProject
Global
	GlobalSection(SolutionConfigurationPlatforms) = preSolution
		Debug|Any CPU = Debug|Any CPU
		Release|Any CPU = Release|Any CPU
	EndGlobalSection
	GlobalSection(ProjectConfigurationPlatforms) = postSolution
		{A38BF257-5183-4694-A357-33E93F5BFBC6}.Debug|Any CPU.ActiveCfg = Debug|Any CPU
		{A38BF257-5183-4694-A357-33E93F5BFBC6}.Debug|Any CPU.Build.0 = Debug|Any CPU
		{A38BF257-5183-4694-A357-33E93F5BFBC6}.Release|Any CPU.ActiveCfg = Release|Any CPU
		{A38BF257-5183-4694-A357-33E93F5BFBC6}.Release|Any CPU.Build.0 = Release|Any CPU
	EndGlobalSection
	GlobalSection(SolutionProperties) = preSolution
		HideSolutionNode = FALSE
	EndGlobalSection
	GlobalSection(ExtensibilityGlobals) = postSolution
		SolutionGuid = {35CB0912-5864-4FC3-80B2-FFDA8533C982}
	EndGlobalSection
EndGlobal
